
Microsoft Visual Studio Solution File, Format Version 12.00
# Visual Studio Version 16
VisualStudioVersion = 16.0.29519.87
MinimumVisualStudioVersion = 10.0.40219.1
Project("{FAE04EC0-301F-11D3-BF4B-00C04F79EFBC}") = "matrix-app", "matrix-app.csproj", "{266281E4-778C-46FC-B6FB-9ABDFFFD2F63}"
EndProject
Global
	GlobalSection(SolutionConfigurationPlatforms) = preSolution
		Debug|Any CPU = Debug|Any CPU
		Release|Any CPU = Release|Any CPU
	EndGlobalSection
	GlobalSection(ProjectConfigurationPlatforms) = postSolution
		{266281E4-778C-46FC-B6FB-9ABDFFFD2F63}.Debug|Any CPU.ActiveCfg = Debug|Any CPU
		{266281E4-778C-46FC-B6FB-9ABDFFFD2F63}.Debug|Any CPU.Build.0 = Debug|Any CPU
		{266281E4-778C-46FC-B6FB-9ABDFFFD2F63}.Release|Any CPU.ActiveCfg = Release|Any CPU
		{266281E4-778C-46FC-B6FB-9ABDFFFD2F63}.Release|Any CPU.Build.0 = Release|Any CPU
	EndGlobalSection
	GlobalSection(SolutionProperties) = preSolution
		HideSolutionNode = FALSE
	EndGlobalSection
	GlobalSection(ExtensibilityGlobals) = postSolution
		SolutionGuid = {C361FE8C-762B-47D6-95CC-2CFA6BDF6E19}
	EndGlobalSection
EndGlobal
